
Microsoft Visual Studio Solution File, Format Version 12.00
# Visual Studio Version 16
VisualStudioVersion = 25.0.1706.2
MinimumVisualStudioVersion = 10.0.40219.1
Project("{FAE04EC0-301F-11D3-BF4B-00C04F79EFBC}") = "api", "api.csproj", "{A95943DD-E900-4983-A130-18005A538F0E}"
EndProject
Global
	GlobalSection(SolutionConfigurationPlatforms) = preSolution
		Debug|Any CPU = Debug|Any CPU
		Release|Any CPU = Release|Any CPU
	EndGlobalSection
	GlobalSection(ProjectConfigurationPlatforms) = postSolution
		{A95943DD-E900-4983-A130-18005A538F0E}.Debug|Any CPU.ActiveCfg = Debug|Any CPU
		{A95943DD-E900-4983-A130-18005A538F0E}.Debug|Any CPU.Build.0 = Debug|Any CPU
		{A95943DD-E900-4983-A130-18005A538F0E}.Release|Any CPU.ActiveCfg = Release|Any CPU
		{A95943DD-E900-4983-A130-18005A538F0E}.Release|Any CPU.Build.0 = Release|Any CPU
	EndGlobalSection
	GlobalSection(SolutionProperties) = preSolution
		HideSolutionNode = FALSE
	EndGlobalSection
	GlobalSection(ExtensibilityGlobals) = postSolution
		SolutionGuid = {1878C71E-8263-4EB7-8B97-787D9C696AA9}
	EndGlobalSection
EndGlobal
